
Microsoft Visual Studio Solution File, Format Version 12.00
# Visual Studio Version 16
VisualStudioVersion = 16.0.29503.13
MinimumVisualStudioVersion = 10.0.40219.1
Project("{888888A0-9F3D-457C-B088-3A5042F75D52}") = "WordSearch", "WordSearch.pyproj", "{9D13BCCF-4931-43E4-B024-CBBAA7B40D34}"
EndProject
Project("{2150E333-8FDC-42A3-9474-1A3956D46DE8}") = "Solution Items", "Solution Items", "{128E3108-A03D-40E2-B6F3-02D76DF39CA3}"
	ProjectSection(SolutionItems) = preProject
		studentdictionary.txt = studentdictionary.txt
		Tests.py = Tests.py
	EndProjectSection
EndProject
Global
	GlobalSection(SolutionConfigurationPlatforms) = preSolution
		Debug|Any CPU = Debug|Any CPU
		Release|Any CPU = Release|Any CPU
	EndGlobalSection
	GlobalSection(ProjectConfigurationPlatforms) = postSolution
		{9D13BCCF-4931-43E4-B024-CBBAA7B40D34}.Debug|Any CPU.ActiveCfg = Debug|Any CPU
		{9D13BCCF-4931-43E4-B024-CBBAA7B40D34}.Release|Any CPU.ActiveCfg = Release|Any CPU
	EndGlobalSection
	GlobalSection(SolutionProperties) = preSolution
		HideSolutionNode = FALSE
	EndGlobalSection
	GlobalSection(ExtensibilityGlobals) = postSolution
		SolutionGuid = {AD04B796-8BE6-4067-B13B-8975E40D4B48}
	EndGlobalSection
EndGlobal
